
Microsoft Visual Studio Solution File, Format Version 12.00
# Visual Studio 15
Project("{FAE04EC0-301F-11D3-BF4B-00C04F79EFBC}") = "Google.Play.Games", "Google.Play.Games.csproj", "{4C685FD6-6AE0-F009-2C25-B084F2155417}"
EndProject
Project("{FAE04EC0-301F-11D3-BF4B-00C04F79EFBC}") = "Google.Play.Games.Editor", "Google.Play.Games.Editor.csproj", "{B9862893-FDB7-0D55-9B93-1DCAB0DF5F4C}"
EndProject
Project("{FAE04EC0-301F-11D3-BF4B-00C04F79EFBC}") = "Assembly-CSharp", "Assembly-CSharp.csproj", "{8AD88E88-37D6-B9BC-3E67-86CE07970629}"
EndProject
Global
	GlobalSection(SolutionConfigurationPlatforms) = preSolution
		Debug|Any CPU = Debug|Any CPU
		Release|Any CPU = Release|Any CPU
	EndGlobalSection
	GlobalSection(ProjectConfigurationPlatforms) = postSolution
		{4C685FD6-6AE0-F009-2C25-B084F2155417}.Debug|Any CPU.ActiveCfg = Debug|Any CPU
		{4C685FD6-6AE0-F009-2C25-B084F2155417}.Debug|Any CPU.Build.0 = Debug|Any CPU
		{4C685FD6-6AE0-F009-2C25-B084F2155417}.Release|Any CPU.ActiveCfg = Release|Any CPU
		{4C685FD6-6AE0-F009-2C25-B084F2155417}.Release|Any CPU.Build.0 = Release|Any CPU
		{B9862893-FDB7-0D55-9B93-1DCAB0DF5F4C}.Debug|Any CPU.ActiveCfg = Debug|Any CPU
		{B9862893-FDB7-0D55-9B93-1DCAB0DF5F4C}.Debug|Any CPU.Build.0 = Debug|Any CPU
		{B9862893-FDB7-0D55-9B93-1DCAB0DF5F4C}.Release|Any CPU.ActiveCfg = Release|Any CPU
		{B9862893-FDB7-0D55-9B93-1DCAB0DF5F4C}.Release|Any CPU.Build.0 = Release|Any CPU
		{8AD88E88-37D6-B9BC-3E67-86CE07970629}.Debug|Any CPU.ActiveCfg = Debug|Any CPU
		{8AD88E88-37D6-B9BC-3E67-86CE07970629}.Debug|Any CPU.Build.0 = Debug|Any CPU
		{8AD88E88-37D6-B9BC-3E67-86CE07970629}.Release|Any CPU.ActiveCfg = Release|Any CPU
		{8AD88E88-37D6-B9BC-3E67-86CE07970629}.Release|Any CPU.Build.0 = Release|Any CPU
	EndGlobalSection
	GlobalSection(SolutionProperties) = preSolution
		HideSolutionNode = FALSE
	EndGlobalSection
EndGlobal
